{
  "version": 4,
  "terraform_version": "1.6.5",
  "serial": 50,
  "lineage": "3fd5b0ce-ca70-6dc8-af1b-8d3e1839158a",
  "outputs": {},
  "resources": [
    {
      "mode": "managed",
      "type": "azurerm_application_gateway",
      "name": "network",
      "provider": "provider[\"registry.terraform.io/hashicorp/azurerm\"]",
      "instances": [
        {
          "schema_version": 0,
          "attributes": {
            "authentication_certificate": [],
            "autoscale_configuration": [],
            "backend_address_pool": [
              {
                "fqdns": [],
                "id": "/subscriptions/82c6a7bf-b323-4998-9c96-e1b8d718597f/resourceGroups/APGW-resources/providers/Microsoft.Network/applicationGateways/example-appgateway/backendAddressPools/example-network-beap",
                "ip_addresses": [],
                "name": "example-network-beap"
              }
            ],
            "backend_http_settings": [
              {
                "affinity_cookie_name": "",
                "authentication_certificate": [],
                "connection_draining": [],
                "cookie_based_affinity": "Disabled",
                "host_name": "",
                "id": "/subscriptions/82c6a7bf-b323-4998-9c96-e1b8d718597f/resourceGroups/APGW-resources/providers/Microsoft.Network/applicationGateways/example-appgateway/backendHttpSettingsCollection/example-network-be-htst",
                "name": "example-network-be-htst",
                "path": "/path1/",
                "pick_host_name_from_backend_address": false,
                "port": 80,
                "probe_id": "",
                "probe_name": "",
                "protocol": "Http",
                "request_timeout": 60,
                "trusted_root_certificate_names": []
              }
            ],
            "custom_error_configuration": [],
            "enable_http2": false,
            "fips_enabled": false,
            "firewall_policy_id": "",
            "force_firewall_policy_association": false,
            "frontend_ip_configuration": [
              {
                "id": "/subscriptions/82c6a7bf-b323-4998-9c96-e1b8d718597f/resourceGroups/APGW-resources/providers/Microsoft.Network/applicationGateways/example-appgateway/frontendIPConfigurations/example-network-feip",
                "name": "example-network-feip",
                "private_ip_address": "",
                "private_ip_address_allocation": "Dynamic",
                "private_link_configuration_id": "",
                "private_link_configuration_name": "",
                "public_ip_address_id": "/subscriptions/82c6a7bf-b323-4998-9c96-e1b8d718597f/resourceGroups/APGW-resources/providers/Microsoft.Network/publicIPAddresses/example-pip",
                "subnet_id": ""
              }
            ],
            "frontend_port": [
              {
                "id": "/subscriptions/82c6a7bf-b323-4998-9c96-e1b8d718597f/resourceGroups/APGW-resources/providers/Microsoft.Network/applicationGateways/example-appgateway/frontendPorts/example-network-feport",
                "name": "example-network-feport",
                "port": 80
              }
            ],
            "gateway_ip_configuration": [
              {
                "id": "/subscriptions/82c6a7bf-b323-4998-9c96-e1b8d718597f/resourceGroups/APGW-resources/providers/Microsoft.Network/applicationGateways/example-appgateway/gatewayIPConfigurations/my-gateway-ip-configuration",
                "name": "my-gateway-ip-configuration",
                "subnet_id": "/subscriptions/82c6a7bf-b323-4998-9c96-e1b8d718597f/resourceGroups/APGW-resources/providers/Microsoft.Network/virtualNetworks/example-network/subnets/example"
              }
            ],
            "global": [],
            "http_listener": [
              {
                "custom_error_configuration": [],
                "firewall_policy_id": "",
                "frontend_ip_configuration_id": "/subscriptions/82c6a7bf-b323-4998-9c96-e1b8d718597f/resourceGroups/APGW-resources/providers/Microsoft.Network/applicationGateways/example-appgateway/frontendIPConfigurations/example-network-feip",
                "frontend_ip_configuration_name": "example-network-feip",
                "frontend_port_id": "/subscriptions/82c6a7bf-b323-4998-9c96-e1b8d718597f/resourceGroups/APGW-resources/providers/Microsoft.Network/applicationGateways/example-appgateway/frontendPorts/example-network-feport",
                "frontend_port_name": "example-network-feport",
                "host_name": "",
                "host_names": [],
                "id": "/subscriptions/82c6a7bf-b323-4998-9c96-e1b8d718597f/resourceGroups/APGW-resources/providers/Microsoft.Network/applicationGateways/example-appgateway/httpListeners/example-network-httplstn",
                "name": "example-network-httplstn",
                "protocol": "Http",
                "require_sni": false,
                "ssl_certificate_id": "",
                "ssl_certificate_name": "",
                "ssl_profile_id": "",
                "ssl_profile_name": ""
              }
            ],
            "id": "/subscriptions/82c6a7bf-b323-4998-9c96-e1b8d718597f/resourceGroups/APGW-resources/providers/Microsoft.Network/applicationGateways/example-appgateway",
            "identity": [],
            "location": "westeurope",
            "name": "example-appgateway",
            "private_endpoint_connection": [],
            "private_link_configuration": [],
            "probe": [],
            "redirect_configuration": [],
            "request_routing_rule": [
              {
                "backend_address_pool_id": "/subscriptions/82c6a7bf-b323-4998-9c96-e1b8d718597f/resourceGroups/APGW-resources/providers/Microsoft.Network/applicationGateways/example-appgateway/backendAddressPools/example-network-beap",
                "backend_address_pool_name": "example-network-beap",
                "backend_http_settings_id": "/subscriptions/82c6a7bf-b323-4998-9c96-e1b8d718597f/resourceGroups/APGW-resources/providers/Microsoft.Network/applicationGateways/example-appgateway/backendHttpSettingsCollection/example-network-be-htst",
                "backend_http_settings_name": "example-network-be-htst",
                "http_listener_id": "/subscriptions/82c6a7bf-b323-4998-9c96-e1b8d718597f/resourceGroups/APGW-resources/providers/Microsoft.Network/applicationGateways/example-appgateway/httpListeners/example-network-httplstn",
                "http_listener_name": "example-network-httplstn",
                "id": "/subscriptions/82c6a7bf-b323-4998-9c96-e1b8d718597f/resourceGroups/APGW-resources/providers/Microsoft.Network/applicationGateways/example-appgateway/requestRoutingRules/example-network-rqrt",
                "name": "example-network-rqrt",
                "priority": 9,
                "redirect_configuration_id": "",
                "redirect_configuration_name": "",
                "rewrite_rule_set_id": "",
                "rewrite_rule_set_name": "",
                "rule_type": "Basic",
                "url_path_map_id": "",
                "url_path_map_name": ""
              }
            ],
            "resource_group_name": "APGW-resources",
            "rewrite_rule_set": [],
            "sku": [
              {
                "capacity": 2,
                "name": "Standard_v2",
                "tier": "Standard_v2"
              }
            ],
            "ssl_certificate": [],
            "ssl_policy": [
              {
                "cipher_suites": [],
                "disabled_protocols": [],
                "min_protocol_version": "",
                "policy_name": "AppGwSslPolicy20150501",
                "policy_type": "Predefined"
              }
            ],
            "ssl_profile": [],
            "tags": null,
            "timeouts": null,
            "trusted_client_certificate": [],
            "trusted_root_certificate": [],
            "url_path_map": [],
            "waf_configuration": [],
            "zones": null
          },
          "sensitive_attributes": [],
          "private": "eyJlMmJmYjczMC1lY2FhLTExZTYtOGY4OC0zNDM2M2JjN2M0YzAiOnsiY3JlYXRlIjo1NDAwMDAwMDAwMDAwLCJkZWxldGUiOjU0MDAwMDAwMDAwMDAsInJlYWQiOjMwMDAwMDAwMDAwMCwidXBkYXRlIjo1NDAwMDAwMDAwMDAwfX0=",
          "dependencies": [
            "azurerm_public_ip.example",
            "azurerm_resource_group.example",
            "azurerm_subnet.example",
            "azurerm_virtual_network.example"
          ]
        }
      ]
    },
    {
      "mode": "managed",
      "type": "azurerm_public_ip",
      "name": "example",
      "provider": "provider[\"registry.terraform.io/hashicorp/azurerm\"]",
      "instances": [
        {
          "schema_version": 0,
          "attributes": {
            "allocation_method": "Static",
            "ddos_protection_mode": "VirtualNetworkInherited",
            "ddos_protection_plan_id": null,
            "domain_name_label": null,
            "edge_zone": "",
            "fqdn": null,
            "id": "/subscriptions/82c6a7bf-b323-4998-9c96-e1b8d718597f/resourceGroups/APGW-resources/providers/Microsoft.Network/publicIPAddresses/example-pip",
            "idle_timeout_in_minutes": 4,
            "ip_address": "108.142.130.69",
            "ip_tags": null,
            "ip_version": "IPv4",
            "location": "westeurope",
            "name": "example-pip",
            "public_ip_prefix_id": null,
            "resource_group_name": "APGW-resources",
            "reverse_fqdn": null,
            "sku": "Standard",
            "sku_tier": "Regional",
            "tags": null,
            "timeouts": null,
            "zones": null
          },
          "sensitive_attributes": [],
          "private": "eyJlMmJmYjczMC1lY2FhLTExZTYtOGY4OC0zNDM2M2JjN2M0YzAiOnsiY3JlYXRlIjoxODAwMDAwMDAwMDAwLCJkZWxldGUiOjE4MDAwMDAwMDAwMDAsInJlYWQiOjMwMDAwMDAwMDAwMCwidXBkYXRlIjoxODAwMDAwMDAwMDAwfX0=",
          "dependencies": [
            "azurerm_resource_group.example"
          ]
        }
      ]
    },
    {
      "mode": "managed",
      "type": "azurerm_resource_group",
      "name": "example",
      "provider": "provider[\"registry.terraform.io/hashicorp/azurerm\"]",
      "instances": [
        {
          "schema_version": 0,
          "attributes": {
            "id": "/subscriptions/82c6a7bf-b323-4998-9c96-e1b8d718597f/resourceGroups/APGW-resources",
            "location": "westeurope",
            "managed_by": "",
            "name": "APGW-resources",
            "tags": null,
            "timeouts": null
          },
          "sensitive_attributes": [],
          "private": "eyJlMmJmYjczMC1lY2FhLTExZTYtOGY4OC0zNDM2M2JjN2M0YzAiOnsiY3JlYXRlIjo1NDAwMDAwMDAwMDAwLCJkZWxldGUiOjU0MDAwMDAwMDAwMDAsInJlYWQiOjMwMDAwMDAwMDAwMCwidXBkYXRlIjo1NDAwMDAwMDAwMDAwfX0="
        }
      ]
    },
    {
      "mode": "managed",
      "type": "azurerm_subnet",
      "name": "example",
      "provider": "provider[\"registry.terraform.io/hashicorp/azurerm\"]",
      "instances": [
        {
          "schema_version": 0,
          "attributes": {
            "address_prefixes": [
              "10.254.0.0/24"
            ],
            "delegation": [],
            "enforce_private_link_endpoint_network_policies": false,
            "enforce_private_link_service_network_policies": false,
            "id": "/subscriptions/82c6a7bf-b323-4998-9c96-e1b8d718597f/resourceGroups/APGW-resources/providers/Microsoft.Network/virtualNetworks/example-network/subnets/example",
            "name": "example",
            "private_endpoint_network_policies_enabled": true,
            "private_link_service_network_policies_enabled": true,
            "resource_group_name": "APGW-resources",
            "service_endpoint_policy_ids": null,
            "service_endpoints": null,
            "timeouts": null,
            "virtual_network_name": "example-network"
          },
          "sensitive_attributes": [],
          "private": "eyJlMmJmYjczMC1lY2FhLTExZTYtOGY4OC0zNDM2M2JjN2M0YzAiOnsiY3JlYXRlIjoxODAwMDAwMDAwMDAwLCJkZWxldGUiOjE4MDAwMDAwMDAwMDAsInJlYWQiOjMwMDAwMDAwMDAwMCwidXBkYXRlIjoxODAwMDAwMDAwMDAwfX0=",
          "dependencies": [
            "azurerm_resource_group.example",
            "azurerm_virtual_network.example"
          ]
        }
      ]
    },
    {
      "mode": "managed",
      "type": "azurerm_virtual_network",
      "name": "example",
      "provider": "provider[\"registry.terraform.io/hashicorp/azurerm\"]",
      "instances": [
        {
          "schema_version": 0,
          "attributes": {
            "address_space": [
              "10.254.0.0/16"
            ],
            "bgp_community": "",
            "ddos_protection_plan": [],
            "dns_servers": [],
            "edge_zone": "",
            "encryption": [],
            "flow_timeout_in_minutes": 0,
            "guid": "9fb9ac46-c6aa-4dda-bfbc-f8e1888b74e2",
            "id": "/subscriptions/82c6a7bf-b323-4998-9c96-e1b8d718597f/resourceGroups/APGW-resources/providers/Microsoft.Network/virtualNetworks/example-network",
            "location": "westeurope",
            "name": "example-network",
            "resource_group_name": "APGW-resources",
            "subnet": [],
            "tags": null,
            "timeouts": null
          },
          "sensitive_attributes": [],
          "private": "eyJlMmJmYjczMC1lY2FhLTExZTYtOGY4OC0zNDM2M2JjN2M0YzAiOnsiY3JlYXRlIjoxODAwMDAwMDAwMDAwLCJkZWxldGUiOjE4MDAwMDAwMDAwMDAsInJlYWQiOjMwMDAwMDAwMDAwMCwidXBkYXRlIjoxODAwMDAwMDAwMDAwfX0=",
          "dependencies": [
            "azurerm_resource_group.example"
          ]
        }
      ]
    }
  ],
  "check_results": null
}
